
Microsoft Visual Studio Solution File, Format Version 12.00
# Visual Studio Version 17
VisualStudioVersion = 17.14.36310.24 d17.14
MinimumVisualStudioVersion = 10.0.40219.1
Project("{FAE04EC0-301F-11D3-BF4B-00C04F79EFBC}") = "StellarV3Bep", "StellarV3Bep\StellarV3Bep.csproj", "{3A938DFC-4483-4119-A840-2BCF5B141A6F}"
EndProject
Global
	GlobalSection(SolutionConfigurationPlatforms) = preSolution
		Debug|Any CPU = Debug|Any CPU
		Release|Any CPU = Release|Any CPU
	EndGlobalSection
	GlobalSection(ProjectConfigurationPlatforms) = postSolution
		{3A938DFC-4483-4119-A840-2BCF5B141A6F}.Debug|Any CPU.ActiveCfg = Debug|Any CPU
		{3A938DFC-4483-4119-A840-2BCF5B141A6F}.Debug|Any CPU.Build.0 = Debug|Any CPU
		{3A938DFC-4483-4119-A840-2BCF5B141A6F}.Release|Any CPU.ActiveCfg = Release|Any CPU
		{3A938DFC-4483-4119-A840-2BCF5B141A6F}.Release|Any CPU.Build.0 = Release|Any CPU
	EndGlobalSection
	GlobalSection(SolutionProperties) = preSolution
		HideSolutionNode = FALSE
	EndGlobalSection
	GlobalSection(ExtensibilityGlobals) = postSolution
		SolutionGuid = {0894AD6D-D194-4E34-90F5-18D6282B6630}
	EndGlobalSection
EndGlobal
